
Microsoft Visual Studio Solution File, Format Version 12.00
# Visual Studio Version 17
VisualStudioVersion = 17.5.002.0
MinimumVisualStudioVersion = 10.0.40219.1
Project("{9A19103F-16F7-4668-BE54-9A1E7A4F7556}") = "Photino.FluentBlazor", "Photino.FluentBlazor.csproj", "{DF5113D6-C14C-4042-9603-24732DC62FDE}"
EndProject
Global
	GlobalSection(SolutionConfigurationPlatforms) = preSolution
		Debug|Any CPU = Debug|Any CPU
		Release|Any CPU = Release|Any CPU
	EndGlobalSection
	GlobalSection(ProjectConfigurationPlatforms) = postSolution
		{DF5113D6-C14C-4042-9603-24732DC62FDE}.Debug|Any CPU.ActiveCfg = Debug|Any CPU
		{DF5113D6-C14C-4042-9603-24732DC62FDE}.Debug|Any CPU.Build.0 = Debug|Any CPU
		{DF5113D6-C14C-4042-9603-24732DC62FDE}.Release|Any CPU.ActiveCfg = Release|Any CPU
		{DF5113D6-C14C-4042-9603-24732DC62FDE}.Release|Any CPU.Build.0 = Release|Any CPU
	EndGlobalSection
	GlobalSection(SolutionProperties) = preSolution
		HideSolutionNode = FALSE
	EndGlobalSection
	GlobalSection(ExtensibilityGlobals) = postSolution
		SolutionGuid = {078A0BA2-307D-4F4B-9A67-DA718C41D864}
	EndGlobalSection
EndGlobal
